// !$*UTF8*$!
{
	archiveVersion = 1;
	classes = {
	};
	objectVersion = 50;
	objects = {

/* Begin PBXBuildFile section */
		D017692923C788E1004BB390 /* AppDelegate.swift in Sources */ = {isa = PBXBuildFile; fileRef = D017692823C788E1004BB390 /* AppDelegate.swift */; };
		D017693223C788E7004BB390 /* Assets.xcassets in Resources */ = {isa = PBXBuildFile; fileRef = D017693123C788E7004BB390 /* Assets.xcassets */; };
		D017693523C788E7004BB390 /* LaunchScreen.storyboard in Resources */ = {isa = PBXBuildFile; fileRef = D017693323C788E7004BB390 /* LaunchScreen.storyboard */; };
		D017694023C78DEB004BB390 /* BaseViewController.swift in Sources */ = {isa = PBXBuildFile; fileRef = D017693F23C78DEB004BB390 /* BaseViewController.swift */; };
		D017694823C795B6004BB390 /* SceneDelegate.swift in Sources */ = {isa = PBXBuildFile; fileRef = D017694723C795B6004BB390 /* SceneDelegate.swift */; };
		D017694C23C79AC5004BB390 /* DashboardViewController.swift in Sources */ = {isa = PBXBuildFile; fileRef = D017694A23C79AC5004BB390 /* DashboardViewController.swift */; };
		D017694D23C79AC5004BB390 /* DashboardViewController.xib in Resources */ = {isa = PBXBuildFile; fileRef = D017694B23C79AC5004BB390 /* DashboardViewController.xib */; };
		D017694F23C79BAA004BB390 /* GradientBackgroundBaseViewController.swift in Sources */ = {isa = PBXBuildFile; fileRef = D017694E23C79BAA004BB390 /* GradientBackgroundBaseViewController.swift */; };
		D017695223C79D7A004BB390 /* UIView+Extension.swift in Sources */ = {isa = PBXBuildFile; fileRef = D017695123C79D7A004BB390 /* UIView+Extension.swift */; };
		D017695423C79FEA004BB390 /* UIColor+Extension.swift in Sources */ = {isa = PBXBuildFile; fileRef = D017695323C79FEA004BB390 /* UIColor+Extension.swift */; };
		D017699123C9FE0F004BB390 /* DashboardService.swift in Sources */ = {isa = PBXBuildFile; fileRef = D017699023C9FE0F004BB390 /* DashboardService.swift */; };
		D017699423C9FE86004BB390 /* HTTPMethod.swift in Sources */ = {isa = PBXBuildFile; fileRef = D017699323C9FE86004BB390 /* HTTPMethod.swift */; };
		D017699823C9FF72004BB390 /* Weather.swift in Sources */ = {isa = PBXBuildFile; fileRef = D017699723C9FF72004BB390 /* Weather.swift */; };
		D017699B23CA2796004BB390 /* APIService.swift in Sources */ = {isa = PBXBuildFile; fileRef = D017699A23CA2796004BB390 /* APIService.swift */; };
		D017699E23CA3172004BB390 /* URLParameterEncoder.swift in Sources */ = {isa = PBXBuildFile; fileRef = D017699D23CA3172004BB390 /* URLParameterEncoder.swift */; };
		D01769A023CA31AD004BB390 /* EncoderBase.swift in Sources */ = {isa = PBXBuildFile; fileRef = D017699F23CA31AD004BB390 /* EncoderBase.swift */; };
		D01769A223CA34E8004BB390 /* JSONParameterEncoder.swift in Sources */ = {isa = PBXBuildFile; fileRef = D01769A123CA34E8004BB390 /* JSONParameterEncoder.swift */; };
		D01769A423CA422E004BB390 /* EndPoint.swift in Sources */ = {isa = PBXBuildFile; fileRef = D01769A323CA422E004BB390 /* EndPoint.swift */; };
		D01769A623CA49CE004BB390 /* NetworkEnvironmentType.swift in Sources */ = {isa = PBXBuildFile; fileRef = D01769A523CA49CE004BB390 /* NetworkEnvironmentType.swift */; };
		D01769A823CB168D004BB390 /* APIType.swift in Sources */ = {isa = PBXBuildFile; fileRef = D01769A723CB168D004BB390 /* APIType.swift */; };
		D01769AB23CB2583004BB390 /* HTTPResponseDescription.swift in Sources */ = {isa = PBXBuildFile; fileRef = D01769AA23CB2583004BB390 /* HTTPResponseDescription.swift */; };
		D01769AF23CB4460004BB390 /* WeatherTableViewCell.swift in Sources */ = {isa = PBXBuildFile; fileRef = D01769AD23CB445F004BB390 /* WeatherTableViewCell.swift */; };
		D01769B023CB4460004BB390 /* WeatherTableViewCell.xib in Resources */ = {isa = PBXBuildFile; fileRef = D01769AE23CB445F004BB390 /* WeatherTableViewCell.xib */; };
		D01769B323CB4728004BB390 /* WeatherHistoryViewController.swift in Sources */ = {isa = PBXBuildFile; fileRef = D01769B123CB4728004BB390 /* WeatherHistoryViewController.swift */; };
		D01769B423CB4728004BB390 /* WeatherHistoryViewController.xib in Resources */ = {isa = PBXBuildFile; fileRef = D01769B223CB4728004BB390 /* WeatherHistoryViewController.xib */; };
		D01769B623CB4E3E004BB390 /* UINavigationController+Extension.swift in Sources */ = {isa = PBXBuildFile; fileRef = D01769B523CB4E3E004BB390 /* UINavigationController+Extension.swift */; };
		D0387B4623CE66DA00B3F32C /* README.md in Resources */ = {isa = PBXBuildFile; fileRef = D0387B4523CE66DA00B3F32C /* README.md */; };
		D0387B4823CE6C6C00B3F32C /* UserDefaults+Extension.swift in Sources */ = {isa = PBXBuildFile; fileRef = D0387B4723CE6C6C00B3F32C /* UserDefaults+Extension.swift */; };
		D0387B4B23CEFA8C00B3F32C /* HTTPURLResponse+Extension.swift in Sources */ = {isa = PBXBuildFile; fileRef = D0387B4A23CEFA8C00B3F32C /* HTTPURLResponse+Extension.swift */; };
		D0387B4D23CEFB1800B3F32C /* HTTPResponseResult.swift in Sources */ = {isa = PBXBuildFile; fileRef = D0387B4C23CEFB1800B3F32C /* HTTPResponseResult.swift */; };
		D0387B4F23CF007200B3F32C /* APIServiceError.swift in Sources */ = {isa = PBXBuildFile; fileRef = D0387B4E23CF007200B3F32C /* APIServiceError.swift */; };
		D0ABEABE23D319DD00135E84 /* UITableView+Extension.swift in Sources */ = {isa = PBXBuildFile; fileRef = D0ABEABD23D319DD00135E84 /* UITableView+Extension.swift */; };
		D0ABEAC423D31F3700135E84 /* WeatherStorageManager.swift in Sources */ = {isa = PBXBuildFile; fileRef = D0ABEAC323D31F3700135E84 /* WeatherStorageManager.swift */; };
		D0DC5AD323D3464900895B01 /* WeatherInfoView.xib in Resources */ = {isa = PBXBuildFile; fileRef = D0DC5AD223D3464900895B01 /* WeatherInfoView.xib */; };
		D0DC5AD523D3472800895B01 /* WeatherInfoView.swift in Sources */ = {isa = PBXBuildFile; fileRef = D0DC5AD423D3472800895B01 /* WeatherInfoView.swift */; };
		D0DC5AD723D34A2600895B01 /* XibLoadable.swift in Sources */ = {isa = PBXBuildFile; fileRef = D0DC5AD623D34A2600895B01 /* XibLoadable.swift */; };
		D0DC5AD923D354A900895B01 /* UIImageView+Extension.swift in Sources */ = {isa = PBXBuildFile; fileRef = D0DC5AD823D354A900895B01 /* UIImageView+Extension.swift */; };
		D0DC5ADB23D35E3100895B01 /* UIButton+Extension.swift in Sources */ = {isa = PBXBuildFile; fileRef = D0DC5ADA23D35E3100895B01 /* UIButton+Extension.swift */; };
		D0DC5ADD23D3652900895B01 /* Int+Extension.swift in Sources */ = {isa = PBXBuildFile; fileRef = D0DC5ADC23D3652900895B01 /* Int+Extension.swift */; };
		D0DC5AE223D3697400895B01 /* EncodingError.swift in Sources */ = {isa = PBXBuildFile; fileRef = D0DC5AE123D3697400895B01 /* EncodingError.swift */; };
		D0DC5AE523D3B07100895B01 /* Dictionary+Extension.swift in Sources */ = {isa = PBXBuildFile; fileRef = D0DC5AE423D3B07100895B01 /* Dictionary+Extension.swift */; };
		EA49DF209BF929BDF2A97CD3 /* Pods_ManiacWeather.framework in Frameworks */ = {isa = PBXBuildFile; fileRef = D8B6E26CBC803A4B920D3E74 /* Pods_ManiacWeather.framework */; };
/* End PBXBuildFile section */

/* Begin PBXFileReference section */
		86674A6A9373DAC694621625 /* Pods-ManiacWeather.debug.xcconfig */ = {isa = PBXFileReference; includeInIndex = 1; lastKnownFileType = text.xcconfig; name = "Pods-ManiacWeather.debug.xcconfig"; path = "Target Support Files/Pods-ManiacWeather/Pods-ManiacWeather.debug.xcconfig"; sourceTree = "<group>"; };
		D017692523C788E1004BB390 /* ManiacWeather.app */ = {isa = PBXFileReference; explicitFileType = wrapper.application; includeInIndex = 0; path = ManiacWeather.app; sourceTree = BUILT_PRODUCTS_DIR; };
		D017692823C788E1004BB390 /* AppDelegate.swift */ = {isa = PBXFileReference; lastKnownFileType = sourcecode.swift; path = AppDelegate.swift; sourceTree = "<group>"; };
		D017693123C788E7004BB390 /* Assets.xcassets */ = {isa = PBXFileReference; lastKnownFileType = folder.assetcatalog; path = Assets.xcassets; sourceTree = "<group>"; };
		D017693423C788E7004BB390 /* Base */ = {isa = PBXFileReference; lastKnownFileType = file.storyboard; name = Base; path = Base.lproj/LaunchScreen.storyboard; sourceTree = "<group>"; };
		D017693623C788E7004BB390 /* Info.plist */ = {isa = PBXFileReference; lastKnownFileType = text.plist.xml; path = Info.plist; sourceTree = "<group>"; };
		D017693F23C78DEB004BB390 /* BaseViewController.swift */ = {isa = PBXFileReference; lastKnownFileType = sourcecode.swift; path = BaseViewController.swift; sourceTree = "<group>"; };
		D017694723C795B6004BB390 /* SceneDelegate.swift */ = {isa = PBXFileReference; lastKnownFileType = sourcecode.swift; path = SceneDelegate.swift; sourceTree = "<group>"; };
		D017694A23C79AC5004BB390 /* DashboardViewController.swift */ = {isa = PBXFileReference; lastKnownFileType = sourcecode.swift; path = DashboardViewController.swift; sourceTree = "<group>"; };
		D017694B23C79AC5004BB390 /* DashboardViewController.xib */ = {isa = PBXFileReference; lastKnownFileType = file.xib; path = DashboardViewController.xib; sourceTree = "<group>"; };
		D017694E23C79BAA004BB390 /* GradientBackgroundBaseViewController.swift */ = {isa = PBXFileReference; lastKnownFileType = sourcecode.swift; path = GradientBackgroundBaseViewController.swift; sourceTree = "<group>"; };
		D017695123C79D7A004BB390 /* UIView+Extension.swift */ = {isa = PBXFileReference; lastKnownFileType = sourcecode.swift; path = "UIView+Extension.swift"; sourceTree = "<group>"; };
		D017695323C79FEA004BB390 /* UIColor+Extension.swift */ = {isa = PBXFileReference; lastKnownFileType = sourcecode.swift; path = "UIColor+Extension.swift"; sourceTree = "<group>"; };
		D017699023C9FE0F004BB390 /* DashboardService.swift */ = {isa = PBXFileReference; lastKnownFileType = sourcecode.swift; path = DashboardService.swift; sourceTree = "<group>"; };
		D017699323C9FE86004BB390 /* HTTPMethod.swift */ = {isa = PBXFileReference; lastKnownFileType = sourcecode.swift; path = HTTPMethod.swift; sourceTree = "<group>"; };
		D017699723C9FF72004BB390 /* Weather.swift */ = {isa = PBXFileReference; lastKnownFileType = sourcecode.swift; path = Weather.swift; sourceTree = "<group>"; };
		D017699A23CA2796004BB390 /* APIService.swift */ = {isa = PBXFileReference; lastKnownFileType = sourcecode.swift; path = APIService.swift; sourceTree = "<group>"; };
		D017699D23CA3172004BB390 /* URLParameterEncoder.swift */ = {isa = PBXFileReference; lastKnownFileType = sourcecode.swift; path = URLParameterEncoder.swift; sourceTree = "<group>"; };
		D017699F23CA31AD004BB390 /* EncoderBase.swift */ = {isa = PBXFileReference; lastKnownFileType = sourcecode.swift; path = EncoderBase.swift; sourceTree = "<group>"; };
		D01769A123CA34E8004BB390 /* JSONParameterEncoder.swift */ = {isa = PBXFileReference; lastKnownFileType = sourcecode.swift; path = JSONParameterEncoder.swift; sourceTree = "<group>"; };
		D01769A323CA422E004BB390 /* EndPoint.swift */ = {isa = PBXFileReference; lastKnownFileType = sourcecode.swift; path = EndPoint.swift; sourceTree = "<group>"; };
		D01769A523CA49CE004BB390 /* NetworkEnvironmentType.swift */ = {isa = PBXFileReference; lastKnownFileType = sourcecode.swift; path = NetworkEnvironmentType.swift; sourceTree = "<group>"; };
		D01769A723CB168D004BB390 /* APIType.swift */ = {isa = PBXFileReference; lastKnownFileType = sourcecode.swift; path = APIType.swift; sourceTree = "<group>"; };
		D01769AA23CB2583004BB390 /* HTTPResponseDescription.swift */ = {isa = PBXFileReference; lastKnownFileType = sourcecode.swift; path = HTTPResponseDescription.swift; sourceTree = "<group>"; };
		D01769AD23CB445F004BB390 /* WeatherTableViewCell.swift */ = {isa = PBXFileReference; lastKnownFileType = sourcecode.swift; path = WeatherTableViewCell.swift; sourceTree = "<group>"; };
		D01769AE23CB445F004BB390 /* WeatherTableViewCell.xib */ = {isa = PBXFileReference; lastKnownFileType = file.xib; path = WeatherTableViewCell.xib; sourceTree = "<group>"; };
		D01769B123CB4728004BB390 /* WeatherHistoryViewController.swift */ = {isa = PBXFileReference; lastKnownFileType = sourcecode.swift; path = WeatherHistoryViewController.swift; sourceTree = "<group>"; };
		D01769B223CB4728004BB390 /* WeatherHistoryViewController.xib */ = {isa = PBXFileReference; lastKnownFileType = file.xib; path = WeatherHistoryViewController.xib; sourceTree = "<group>"; };
		D01769B523CB4E3E004BB390 /* UINavigationController+Extension.swift */ = {isa = PBXFileReference; lastKnownFileType = sourcecode.swift; path = "UINavigationController+Extension.swift"; sourceTree = "<group>"; };
		D0387B4523CE66DA00B3F32C /* README.md */ = {isa = PBXFileReference; fileEncoding = 4; lastKnownFileType = net.daringfireball.markdown; name = README.md; path = ManiacWeather/README.md; sourceTree = SOURCE_ROOT; };
		D0387B4723CE6C6C00B3F32C /* UserDefaults+Extension.swift */ = {isa = PBXFileReference; lastKnownFileType = sourcecode.swift; path = "UserDefaults+Extension.swift"; sourceTree = "<group>"; };
		D0387B4A23CEFA8C00B3F32C /* HTTPURLResponse+Extension.swift */ = {isa = PBXFileReference; lastKnownFileType = sourcecode.swift; path = "HTTPURLResponse+Extension.swift"; sourceTree = "<group>"; };
		D0387B4C23CEFB1800B3F32C /* HTTPResponseResult.swift */ = {isa = PBXFileReference; lastKnownFileType = sourcecode.swift; path = HTTPResponseResult.swift; sourceTree = "<group>"; };
		D0387B4E23CF007200B3F32C /* APIServiceError.swift */ = {isa = PBXFileReference; lastKnownFileType = sourcecode.swift; path = APIServiceError.swift; sourceTree = "<group>"; };
		D075296A02F2039EB79AF085 /* Pods-ManiacWeather.release.xcconfig */ = {isa = PBXFileReference; includeInIndex = 1; lastKnownFileType = text.xcconfig; name = "Pods-ManiacWeather.release.xcconfig"; path = "Target Support Files/Pods-ManiacWeather/Pods-ManiacWeather.release.xcconfig"; sourceTree = "<group>"; };
		D0ABEABD23D319DD00135E84 /* UITableView+Extension.swift */ = {isa = PBXFileReference; lastKnownFileType = sourcecode.swift; path = "UITableView+Extension.swift"; sourceTree = "<group>"; };
		D0ABEAC323D31F3700135E84 /* WeatherStorageManager.swift */ = {isa = PBXFileReference; lastKnownFileType = sourcecode.swift; path = WeatherStorageManager.swift; sourceTree = "<group>"; };
		D0DC5AD223D3464900895B01 /* WeatherInfoView.xib */ = {isa = PBXFileReference; lastKnownFileType = file.xib; path = WeatherInfoView.xib; sourceTree = "<group>"; };
		D0DC5AD423D3472800895B01 /* WeatherInfoView.swift */ = {isa = PBXFileReference; lastKnownFileType = sourcecode.swift; path = WeatherInfoView.swift; sourceTree = "<group>"; };
		D0DC5AD623D34A2600895B01 /* XibLoadable.swift */ = {isa = PBXFileReference; lastKnownFileType = sourcecode.swift; path = XibLoadable.swift; sourceTree = "<group>"; };
		D0DC5AD823D354A900895B01 /* UIImageView+Extension.swift */ = {isa = PBXFileReference; lastKnownFileType = sourcecode.swift; path = "UIImageView+Extension.swift"; sourceTree = "<group>"; };
		D0DC5ADA23D35E3100895B01 /* UIButton+Extension.swift */ = {isa = PBXFileReference; lastKnownFileType = sourcecode.swift; path = "UIButton+Extension.swift"; sourceTree = "<group>"; };
		D0DC5ADC23D3652900895B01 /* Int+Extension.swift */ = {isa = PBXFileReference; lastKnownFileType = sourcecode.swift; path = "Int+Extension.swift"; sourceTree = "<group>"; };
		D0DC5AE123D3697400895B01 /* EncodingError.swift */ = {isa = PBXFileReference; lastKnownFileType = sourcecode.swift; path = EncodingError.swift; sourceTree = "<group>"; };
		D0DC5AE423D3B07100895B01 /* Dictionary+Extension.swift */ = {isa = PBXFileReference; lastKnownFileType = sourcecode.swift; path = "Dictionary+Extension.swift"; sourceTree = "<group>"; };
		D8B6E26CBC803A4B920D3E74 /* Pods_ManiacWeather.framework */ = {isa = PBXFileReference; explicitFileType = wrapper.framework; includeInIndex = 0; path = Pods_ManiacWeather.framework; sourceTree = BUILT_PRODUCTS_DIR; };
/* End PBXFileReference section */

/* Begin PBXFrameworksBuildPhase section */
		D017692223C788E1004BB390 /* Frameworks */ = {
			isa = PBXFrameworksBuildPhase;
			buildActionMask = 2147483647;
			files = (
				EA49DF209BF929BDF2A97CD3 /* Pods_ManiacWeather.framework in Frameworks */,
			);
			runOnlyForDeploymentPostprocessing = 0;
		};
/* End PBXFrameworksBuildPhase section */

/* Begin PBXGroup section */
		25F8DFEF0867423044B1C7BD /* Pods */ = {
			isa = PBXGroup;
			children = (
				86674A6A9373DAC694621625 /* Pods-ManiacWeather.debug.xcconfig */,
				D075296A02F2039EB79AF085 /* Pods-ManiacWeather.release.xcconfig */,
			);
			path = Pods;
			sourceTree = "<group>";
		};
		8AE68EAA263F4996DFFFEAB3 /* Frameworks */ = {
			isa = PBXGroup;
			children = (
				D8B6E26CBC803A4B920D3E74 /* Pods_ManiacWeather.framework */,
			);
			name = Frameworks;
			sourceTree = "<group>";
		};
		D017691C23C788E1004BB390 = {
			isa = PBXGroup;
			children = (
				D017692723C788E1004BB390 /* ManiacWeather */,
				D017692623C788E1004BB390 /* Products */,
				25F8DFEF0867423044B1C7BD /* Pods */,
				8AE68EAA263F4996DFFFEAB3 /* Frameworks */,
			);
			sourceTree = "<group>";
		};
		D017692623C788E1004BB390 /* Products */ = {
			isa = PBXGroup;
			children = (
				D017692523C788E1004BB390 /* ManiacWeather.app */,
			);
			name = Products;
			sourceTree = "<group>";
		};
		D017692723C788E1004BB390 /* ManiacWeather */ = {
			isa = PBXGroup;
			children = (
				D017694923C79639004BB390 /* Configuration */,
				D017693D23C78DBE004BB390 /* Common */,
				D017693C23C78BDE004BB390 /* Modules */,
				D017693123C788E7004BB390 /* Assets.xcassets */,
				D017693323C788E7004BB390 /* LaunchScreen.storyboard */,
				D017693623C788E7004BB390 /* Info.plist */,
				D0387B4523CE66DA00B3F32C /* README.md */,
			);
			path = ManiacWeather;
			sourceTree = "<group>";
		};
		D017693C23C78BDE004BB390 /* Modules */ = {
			isa = PBXGroup;
			children = (
				D017694123C78E05004BB390 /* Dashboard */,
			);
			path = Modules;
			sourceTree = "<group>";
		};
		D017693D23C78DBE004BB390 /* Common */ = {
			isa = PBXGroup;
			children = (
				D017695523C87BBD004BB390 /* NetworkingLayer */,
				D017693E23C78DC8004BB390 /* Controller */,
				D017695023C79D6D004BB390 /* Helpers */,
			);
			path = Common;
			sourceTree = "<group>";
		};
		D017693E23C78DC8004BB390 /* Controller */ = {
			isa = PBXGroup;
			children = (
				D017693F23C78DEB004BB390 /* BaseViewController.swift */,
				D017694E23C79BAA004BB390 /* GradientBackgroundBaseViewController.swift */,
			);
			path = Controller;
			sourceTree = "<group>";
		};
		D017694123C78E05004BB390 /* Dashboard */ = {
			isa = PBXGroup;
			children = (
				D01769AC23CB4377004BB390 /* View */,
				D017699523C9FF63004BB390 /* Model */,
				D017694623C78E57004BB390 /* Controller */,
				D017698E23C9FDF8004BB390 /* Service */,
				D0ABEAC123D31F1A00135E84 /* DataManager */,
			);
			path = Dashboard;
			sourceTree = "<group>";
		};
		D017694623C78E57004BB390 /* Controller */ = {
			isa = PBXGroup;
			children = (
				D017694A23C79AC5004BB390 /* DashboardViewController.swift */,
				D017694B23C79AC5004BB390 /* DashboardViewController.xib */,
				D01769B123CB4728004BB390 /* WeatherHistoryViewController.swift */,
				D01769B223CB4728004BB390 /* WeatherHistoryViewController.xib */,
			);
			path = Controller;
			sourceTree = "<group>";
		};
		D017694923C79639004BB390 /* Configuration */ = {
			isa = PBXGroup;
			children = (
				D017692823C788E1004BB390 /* AppDelegate.swift */,
				D017694723C795B6004BB390 /* SceneDelegate.swift */,
			);
			path = Configuration;
			sourceTree = "<group>";
		};
		D017695023C79D6D004BB390 /* Helpers */ = {
			isa = PBXGroup;
			children = (
				D0DC5ADF23D3655C00895B01 /* Foundation */,
				D0DC5ADE23D3653A00895B01 /* UIKit */,
				D0DC5AE023D3659100895B01 /* Other */,
			);
			path = Helpers;
			sourceTree = "<group>";
		};
		D017695523C87BBD004BB390 /* NetworkingLayer */ = {
			isa = PBXGroup;
			children = (
				D01769A923CB185B004BB390 /* Configuration */,
				D017699C23CA3164004BB390 /* Encoding */,
				D017699923CA2761004BB390 /* Service */,
				D017699223C9FE73004BB390 /* HTTP */,
				D01769A323CA422E004BB390 /* EndPoint.swift */,
			);
			path = NetworkingLayer;
			sourceTree = "<group>";
		};
		D017698E23C9FDF8004BB390 /* Service */ = {
			isa = PBXGroup;
			children = (
				D017699023C9FE0F004BB390 /* DashboardService.swift */,
			);
			path = Service;
			sourceTree = "<group>";
		};
		D017699223C9FE73004BB390 /* HTTP */ = {
			isa = PBXGroup;
			children = (
				D01769AA23CB2583004BB390 /* HTTPResponseDescription.swift */,
				D0387B4C23CEFB1800B3F32C /* HTTPResponseResult.swift */,
				D017699323C9FE86004BB390 /* HTTPMethod.swift */,
			);
			path = HTTP;
			sourceTree = "<group>";
		};
		D017699523C9FF63004BB390 /* Model */ = {
			isa = PBXGroup;
			children = (
				D017699723C9FF72004BB390 /* Weather.swift */,
			);
			path = Model;
			sourceTree = "<group>";
		};
		D017699923CA2761004BB390 /* Service */ = {
			isa = PBXGroup;
			children = (
				D0387B4E23CF007200B3F32C /* APIServiceError.swift */,
				D017699A23CA2796004BB390 /* APIService.swift */,
			);
			path = Service;
			sourceTree = "<group>";
		};
		D017699C23CA3164004BB390 /* Encoding */ = {
			isa = PBXGroup;
			children = (
				D017699F23CA31AD004BB390 /* EncoderBase.swift */,
				D0DC5AE123D3697400895B01 /* EncodingError.swift */,
				D017699D23CA3172004BB390 /* URLParameterEncoder.swift */,
				D01769A123CA34E8004BB390 /* JSONParameterEncoder.swift */,
			);
			path = Encoding;
			sourceTree = "<group>";
		};
		D01769A923CB185B004BB390 /* Configuration */ = {
			isa = PBXGroup;
			children = (
				D01769A523CA49CE004BB390 /* NetworkEnvironmentType.swift */,
				D01769A723CB168D004BB390 /* APIType.swift */,
			);
			path = Configuration;
			sourceTree = "<group>";
		};
		D01769AC23CB4377004BB390 /* View */ = {
			isa = PBXGroup;
			children = (
				D0387B4923CE6F2400B3F32C /* TableViewCell */,
				D0DC5AE323D3AB6000895B01 /* View */,
			);
			path = View;
			sourceTree = "<group>";
		};
		D0387B4923CE6F2400B3F32C /* TableViewCell */ = {
			isa = PBXGroup;
			children = (
				D01769AD23CB445F004BB390 /* WeatherTableViewCell.swift */,
				D01769AE23CB445F004BB390 /* WeatherTableViewCell.xib */,
			);
			path = TableViewCell;
			sourceTree = "<group>";
		};
		D0ABEAC123D31F1A00135E84 /* DataManager */ = {
			isa = PBXGroup;
			children = (
				D0ABEAC323D31F3700135E84 /* WeatherStorageManager.swift */,
			);
			path = DataManager;
			sourceTree = "<group>";
		};
		D0DC5ADE23D3653A00895B01 /* UIKit */ = {
			isa = PBXGroup;
			children = (
				D017695123C79D7A004BB390 /* UIView+Extension.swift */,
				D017695323C79FEA004BB390 /* UIColor+Extension.swift */,
				D01769B523CB4E3E004BB390 /* UINavigationController+Extension.swift */,
				D0ABEABD23D319DD00135E84 /* UITableView+Extension.swift */,
				D0DC5AD823D354A900895B01 /* UIImageView+Extension.swift */,
				D0DC5ADA23D35E3100895B01 /* UIButton+Extension.swift */,
			);
			path = UIKit;
			sourceTree = "<group>";
		};
		D0DC5ADF23D3655C00895B01 /* Foundation */ = {
			isa = PBXGroup;
			children = (
				D0387B4723CE6C6C00B3F32C /* UserDefaults+Extension.swift */,
				D0387B4A23CEFA8C00B3F32C /* HTTPURLResponse+Extension.swift */,
				D0DC5AE423D3B07100895B01 /* Dictionary+Extension.swift */,
			);
			path = Foundation;
			sourceTree = "<group>";
		};
		D0DC5AE023D3659100895B01 /* Other */ = {
			isa = PBXGroup;
			children = (
				D0DC5AD623D34A2600895B01 /* XibLoadable.swift */,
				D0DC5ADC23D3652900895B01 /* Int+Extension.swift */,
			);
			path = Other;
			sourceTree = "<group>";
		};
		D0DC5AE323D3AB6000895B01 /* View */ = {
			isa = PBXGroup;
			children = (
				D0DC5AD423D3472800895B01 /* WeatherInfoView.swift */,
				D0DC5AD223D3464900895B01 /* WeatherInfoView.xib */,
			);
			path = View;
			sourceTree = "<group>";
		};
/* End PBXGroup section */

/* Begin PBXNativeTarget section */
		D017692423C788E1004BB390 /* ManiacWeather */ = {
			isa = PBXNativeTarget;
			buildConfigurationList = D017693923C788E7004BB390 /* Build configuration list for PBXNativeTarget "ManiacWeather" */;
			buildPhases = (
				EEF235C6F2D1E97696450D51 /* [CP] Check Pods Manifest.lock */,
				D017692123C788E1004BB390 /* Sources */,
				D017692223C788E1004BB390 /* Frameworks */,
				D017692323C788E1004BB390 /* Resources */,
				D043E4E923CD0D3C0012699C /* ShellScript */,
			);
			buildRules = (
			);
			dependencies = (
			);
			name = ManiacWeather;
			productName = ManiacWeather;
			productReference = D017692523C788E1004BB390 /* ManiacWeather.app */;
			productType = "com.apple.product-type.application";
		};
/* End PBXNativeTarget section */

/* Begin PBXProject section */
		D017691D23C788E1004BB390 /* Project object */ = {
			isa = PBXProject;
			attributes = {
				LastSwiftUpdateCheck = 1130;
				LastUpgradeCheck = 1130;
				ORGANIZATIONNAME = "Peter Lizak";
				TargetAttributes = {
					D017692423C788E1004BB390 = {
						CreatedOnToolsVersion = 11.3;
					};
				};
			};
			buildConfigurationList = D017692023C788E1004BB390 /* Build configuration list for PBXProject "ManiacWeather" */;
			compatibilityVersion = "Xcode 9.3";
			developmentRegion = en;
			hasScannedForEncodings = 0;
			knownRegions = (
				en,
				Base,
			);
			mainGroup = D017691C23C788E1004BB390;
			productRefGroup = D017692623C788E1004BB390 /* Products */;
			projectDirPath = "";
			projectRoot = "";
			targets = (
				D017692423C788E1004BB390 /* ManiacWeather */,
			);
		};
/* End PBXProject section */

/* Begin PBXResourcesBuildPhase section */
		D017692323C788E1004BB390 /* Resources */ = {
			isa = PBXResourcesBuildPhase;
			buildActionMask = 2147483647;
			files = (
				D0DC5AD323D3464900895B01 /* WeatherInfoView.xib in Resources */,
				D0387B4623CE66DA00B3F32C /* README.md in Resources */,
				D01769B423CB4728004BB390 /* WeatherHistoryViewController.xib in Resources */,
				D01769B023CB4460004BB390 /* WeatherTableViewCell.xib in Resources */,
				D017693523C788E7004BB390 /* LaunchScreen.storyboard in Resources */,
				D017693223C788E7004BB390 /* Assets.xcassets in Resources */,
				D017694D23C79AC5004BB390 /* DashboardViewController.xib in Resources */,
			);
			runOnlyForDeploymentPostprocessing = 0;
		};
/* End PBXResourcesBuildPhase section */

/* Begin PBXShellScriptBuildPhase section */
		D043E4E923CD0D3C0012699C /* ShellScript */ = {
			isa = PBXShellScriptBuildPhase;
			buildActionMask = 2147483647;
			files = (
			);
			inputFileListPaths = (
			);
			inputPaths = (
			);
			outputFileListPaths = (
			);
			outputPaths = (
			);
			runOnlyForDeploymentPostprocessing = 0;
			shellPath = /bin/sh;
			shellScript = "${PODS_ROOT}/SwiftLint/swiftlint\n";
		};
		EEF235C6F2D1E97696450D51 /* [CP] Check Pods Manifest.lock */ = {
			isa = PBXShellScriptBuildPhase;
			buildActionMask = 2147483647;
			files = (
			);
			inputFileListPaths = (
			);
			inputPaths = (
				"${PODS_PODFILE_DIR_PATH}/Podfile.lock",
				"${PODS_ROOT}/Manifest.lock",
			);
			name = "[CP] Check Pods Manifest.lock";
			outputFileListPaths = (
			);
			outputPaths = (
				"$(DERIVED_FILE_DIR)/Pods-ManiacWeather-checkManifestLockResult.txt",
			);
			runOnlyForDeploymentPostprocessing = 0;
			shellPath = /bin/sh;
			shellScript = "diff \"${PODS_PODFILE_DIR_PATH}/Podfile.lock\" \"${PODS_ROOT}/Manifest.lock\" > /dev/null\nif [ $? != 0 ] ; then\n    # print error to STDERR\n    echo \"error: The sandbox is not in sync with the Podfile.lock. Run 'pod install' or update your CocoaPods installation.\" >&2\n    exit 1\nfi\n# This output is used by Xcode 'outputs' to avoid re-running this script phase.\necho \"SUCCESS\" > \"${SCRIPT_OUTPUT_FILE_0}\"\n";
			showEnvVarsInLog = 0;
		};
/* End PBXShellScriptBuildPhase section */

/* Begin PBXSourcesBuildPhase section */
		D017692123C788E1004BB390 /* Sources */ = {
			isa = PBXSourcesBuildPhase;
			buildActionMask = 2147483647;
			files = (
				D0DC5ADB23D35E3100895B01 /* UIButton+Extension.swift in Sources */,
				D0DC5ADD23D3652900895B01 /* Int+Extension.swift in Sources */,
				D0DC5AD923D354A900895B01 /* UIImageView+Extension.swift in Sources */,
				D017695423C79FEA004BB390 /* UIColor+Extension.swift in Sources */,
				D0387B4B23CEFA8C00B3F32C /* HTTPURLResponse+Extension.swift in Sources */,
				D017695223C79D7A004BB390 /* UIView+Extension.swift in Sources */,
				D01769A623CA49CE004BB390 /* NetworkEnvironmentType.swift in Sources */,
				D0DC5AE523D3B07100895B01 /* Dictionary+Extension.swift in Sources */,
				D017699123C9FE0F004BB390 /* DashboardService.swift in Sources */,
				D017692923C788E1004BB390 /* AppDelegate.swift in Sources */,
				D0DC5AE223D3697400895B01 /* EncodingError.swift in Sources */,
				D0387B4F23CF007200B3F32C /* APIServiceError.swift in Sources */,
				D01769AF23CB4460004BB390 /* WeatherTableViewCell.swift in Sources */,
				D017699B23CA2796004BB390 /* APIService.swift in Sources */,
				D017699823C9FF72004BB390 /* Weather.swift in Sources */,
				D017694023C78DEB004BB390 /* BaseViewController.swift in Sources */,
				D0DC5AD523D3472800895B01 /* WeatherInfoView.swift in Sources */,
				D017699423C9FE86004BB390 /* HTTPMethod.swift in Sources */,
				D01769B323CB4728004BB390 /* WeatherHistoryViewController.swift in Sources */,
				D01769B623CB4E3E004BB390 /* UINavigationController+Extension.swift in Sources */,
				D017699E23CA3172004BB390 /* URLParameterEncoder.swift in Sources */,
				D01769AB23CB2583004BB390 /* HTTPResponseDescription.swift in Sources */,
				D0387B4823CE6C6C00B3F32C /* UserDefaults+Extension.swift in Sources */,
				D017694823C795B6004BB390 /* SceneDelegate.swift in Sources */,
				D0DC5AD723D34A2600895B01 /* XibLoadable.swift in Sources */,
				D01769A023CA31AD004BB390 /* EncoderBase.swift in Sources */,
				D017694F23C79BAA004BB390 /* GradientBackgroundBaseViewController.swift in Sources */,
				D01769A423CA422E004BB390 /* EndPoint.swift in Sources */,
				D01769A823CB168D004BB390 /* APIType.swift in Sources */,
				D0387B4D23CEFB1800B3F32C /* HTTPResponseResult.swift in Sources */,
				D01769A223CA34E8004BB390 /* JSONParameterEncoder.swift in Sources */,
				D0ABEAC423D31F3700135E84 /* WeatherStorageManager.swift in Sources */,
				D017694C23C79AC5004BB390 /* DashboardViewController.swift in Sources */,
				D0ABEABE23D319DD00135E84 /* UITableView+Extension.swift in Sources */,
			);
			runOnlyForDeploymentPostprocessing = 0;
		};
/* End PBXSourcesBuildPhase section */

/* Begin PBXVariantGroup section */
		D017693323C788E7004BB390 /* LaunchScreen.storyboard */ = {
			isa = PBXVariantGroup;
			children = (
				D017693423C788E7004BB390 /* Base */,
			);
			name = LaunchScreen.storyboard;
			sourceTree = "<group>";
		};
/* End PBXVariantGroup section */

/* Begin XCBuildConfiguration section */
		D017693723C788E7004BB390 /* Debug */ = {
			isa = XCBuildConfiguration;
			buildSettings = {
				ALWAYS_SEARCH_USER_PATHS = NO;
				CLANG_ANALYZER_NONNULL = YES;
				CLANG_ANALYZER_NUMBER_OBJECT_CONVERSION = YES_AGGRESSIVE;
				CLANG_CXX_LANGUAGE_STANDARD = "gnu++14";
				CLANG_CXX_LIBRARY = "libc++";
				CLANG_ENABLE_MODULES = YES;
				CLANG_ENABLE_OBJC_ARC = YES;
				CLANG_ENABLE_OBJC_WEAK = YES;
				CLANG_WARN_BLOCK_CAPTURE_AUTORELEASING = YES;
				CLANG_WARN_BOOL_CONVERSION = YES;
				CLANG_WARN_COMMA = YES;
				CLANG_WARN_CONSTANT_CONVERSION = YES;
				CLANG_WARN_DEPRECATED_OBJC_IMPLEMENTATIONS = YES;
				CLANG_WARN_DIRECT_OBJC_ISA_USAGE = YES_ERROR;
				CLANG_WARN_DOCUMENTATION_COMMENTS = YES;
				CLANG_WARN_EMPTY_BODY = YES;
				CLANG_WARN_ENUM_CONVERSION = YES;
				CLANG_WARN_INFINITE_RECURSION = YES;
				CLANG_WARN_INT_CONVERSION = YES;
				CLANG_WARN_NON_LITERAL_NULL_CONVERSION = YES;
				CLANG_WARN_OBJC_IMPLICIT_RETAIN_SELF = YES;
				CLANG_WARN_OBJC_LITERAL_CONVERSION = YES;
				CLANG_WARN_OBJC_ROOT_CLASS = YES_ERROR;
				CLANG_WARN_RANGE_LOOP_ANALYSIS = YES;
				CLANG_WARN_STRICT_PROTOTYPES = YES;
				CLANG_WARN_SUSPICIOUS_MOVE = YES;
				CLANG_WARN_UNGUARDED_AVAILABILITY = YES_AGGRESSIVE;
				CLANG_WARN_UNREACHABLE_CODE = YES;
				CLANG_WARN__DUPLICATE_METHOD_MATCH = YES;
				COPY_PHASE_STRIP = NO;
				DEBUG_INFORMATION_FORMAT = dwarf;
				ENABLE_STRICT_OBJC_MSGSEND = YES;
				ENABLE_TESTABILITY = YES;
				GCC_C_LANGUAGE_STANDARD = gnu11;
				GCC_DYNAMIC_NO_PIC = NO;
				GCC_NO_COMMON_BLOCKS = YES;
				GCC_OPTIMIZATION_LEVEL = 0;
				GCC_PREPROCESSOR_DEFINITIONS = (
					"DEBUG=1",
					"$(inherited)",
				);
				GCC_WARN_64_TO_32_BIT_CONVERSION = YES;
				GCC_WARN_ABOUT_RETURN_TYPE = YES_ERROR;
				GCC_WARN_UNDECLARED_SELECTOR = YES;
				GCC_WARN_UNINITIALIZED_AUTOS = YES_AGGRESSIVE;
				GCC_WARN_UNUSED_FUNCTION = YES;
				GCC_WARN_UNUSED_VARIABLE = YES;
				IPHONEOS_DEPLOYMENT_TARGET = 13.2;
				MTL_ENABLE_DEBUG_INFO = INCLUDE_SOURCE;
				MTL_FAST_MATH = YES;
				ONLY_ACTIVE_ARCH = YES;
				SDKROOT = iphoneos;
				SWIFT_ACTIVE_COMPILATION_CONDITIONS = DEBUG;
				SWIFT_OPTIMIZATION_LEVEL = "-Onone";
			};
			name = Debug;
		};
		D017693823C788E7004BB390 /* Release */ = {
			isa = XCBuildConfiguration;
			buildSettings = {
				ALWAYS_SEARCH_USER_PATHS = NO;
				CLANG_ANALYZER_NONNULL = YES;
				CLANG_ANALYZER_NUMBER_OBJECT_CONVERSION = YES_AGGRESSIVE;
				CLANG_CXX_LANGUAGE_STANDARD = "gnu++14";
				CLANG_CXX_LIBRARY = "libc++";
				CLANG_ENABLE_MODULES = YES;
				CLANG_ENABLE_OBJC_ARC = YES;
				CLANG_ENABLE_OBJC_WEAK = YES;
				CLANG_WARN_BLOCK_CAPTURE_AUTORELEASING = YES;
				CLANG_WARN_BOOL_CONVERSION = YES;
				CLANG_WARN_COMMA = YES;
				CLANG_WARN_CONSTANT_CONVERSION = YES;
				CLANG_WARN_DEPRECATED_OBJC_IMPLEMENTATIONS = YES;
				CLANG_WARN_DIRECT_OBJC_ISA_USAGE = YES_ERROR;
				CLANG_WARN_DOCUMENTATION_COMMENTS = YES;
				CLANG_WARN_EMPTY_BODY = YES;
				CLANG_WARN_ENUM_CONVERSION = YES;
				CLANG_WARN_INFINITE_RECURSION = YES;
				CLANG_WARN_INT_CONVERSION = YES;
				CLANG_WARN_NON_LITERAL_NULL_CONVERSION = YES;
				CLANG_WARN_OBJC_IMPLICIT_RETAIN_SELF = YES;
				CLANG_WARN_OBJC_LITERAL_CONVERSION = YES;
				CLANG_WARN_OBJC_ROOT_CLASS = YES_ERROR;
				CLANG_WARN_RANGE_LOOP_ANALYSIS = YES;
				CLANG_WARN_STRICT_PROTOTYPES = YES;
				CLANG_WARN_SUSPICIOUS_MOVE = YES;
				CLANG_WARN_UNGUARDED_AVAILABILITY = YES_AGGRESSIVE;
				CLANG_WARN_UNREACHABLE_CODE = YES;
				CLANG_WARN__DUPLICATE_METHOD_MATCH = YES;
				COPY_PHASE_STRIP = NO;
				DEBUG_INFORMATION_FORMAT = "dwarf-with-dsym";
				ENABLE_NS_ASSERTIONS = NO;
				ENABLE_STRICT_OBJC_MSGSEND = YES;
				GCC_C_LANGUAGE_STANDARD = gnu11;
				GCC_NO_COMMON_BLOCKS = YES;
				GCC_WARN_64_TO_32_BIT_CONVERSION = YES;
				GCC_WARN_ABOUT_RETURN_TYPE = YES_ERROR;
				GCC_WARN_UNDECLARED_SELECTOR = YES;
				GCC_WARN_UNINITIALIZED_AUTOS = YES_AGGRESSIVE;
				GCC_WARN_UNUSED_FUNCTION = YES;
				GCC_WARN_UNUSED_VARIABLE = YES;
				IPHONEOS_DEPLOYMENT_TARGET = 13.2;
				MTL_ENABLE_DEBUG_INFO = NO;
				MTL_FAST_MATH = YES;
				SDKROOT = iphoneos;
				SWIFT_COMPILATION_MODE = wholemodule;
				SWIFT_OPTIMIZATION_LEVEL = "-O";
				VALIDATE_PRODUCT = YES;
			};
			name = Release;
		};
		D017693A23C788E7004BB390 /* Debug */ = {
			isa = XCBuildConfiguration;
			baseConfigurationReference = 86674A6A9373DAC694621625 /* Pods-ManiacWeather.debug.xcconfig */;
			buildSettings = {
				ASSETCATALOG_COMPILER_APPICON_NAME = AppIcon;
				CODE_SIGN_STYLE = Automatic;
				DEVELOPMENT_TEAM = 62JD93G7RB;
				INFOPLIST_FILE = ManiacWeather/Info.plist;
				IPHONEOS_DEPLOYMENT_TARGET = 10.0;
				LD_RUNPATH_SEARCH_PATHS = (
					"$(inherited)",
					"@executable_path/Frameworks",
				);
				PRODUCT_BUNDLE_IDENTIFIER = peter.lizak.ManiacWeather;
				PRODUCT_NAME = "$(TARGET_NAME)";
				SWIFT_VERSION = 5.0;
				TARGETED_DEVICE_FAMILY = 1;
			};
			name = Debug;
		};
		D017693B23C788E7004BB390 /* Release */ = {
			isa = XCBuildConfiguration;
			baseConfigurationReference = D075296A02F2039EB79AF085 /* Pods-ManiacWeather.release.xcconfig */;
			buildSettings = {
				ASSETCATALOG_COMPILER_APPICON_NAME = AppIcon;
				CODE_SIGN_STYLE = Automatic;
				DEVELOPMENT_TEAM = 62JD93G7RB;
				INFOPLIST_FILE = ManiacWeather/Info.plist;
				IPHONEOS_DEPLOYMENT_TARGET = 10.0;
				LD_RUNPATH_SEARCH_PATHS = (
					"$(inherited)",
					"@executable_path/Frameworks",
				);
				PRODUCT_BUNDLE_IDENTIFIER = peter.lizak.ManiacWeather;
				PRODUCT_NAME = "$(TARGET_NAME)";
				SWIFT_VERSION = 5.0;
				TARGETED_DEVICE_FAMILY = 1;
			};
			name = Release;
		};
/* End XCBuildConfiguration section */

/* Begin XCConfigurationList section */
		D017692023C788E1004BB390 /* Build configuration list for PBXProject "ManiacWeather" */ = {
			isa = XCConfigurationList;
			buildConfigurations = (
				D017693723C788E7004BB390 /* Debug */,
				D017693823C788E7004BB390 /* Release */,
			);
			defaultConfigurationIsVisible = 0;
			defaultConfigurationName = Release;
		};
		D017693923C788E7004BB390 /* Build configuration list for PBXNativeTarget "ManiacWeather" */ = {
			isa = XCConfigurationList;
			buildConfigurations = (
				D017693A23C788E7004BB390 /* Debug */,
				D017693B23C788E7004BB390 /* Release */,
			);
			defaultConfigurationIsVisible = 0;
			defaultConfigurationName = Release;
		};
/* End XCConfigurationList section */
	};
	rootObject = D017691D23C788E1004BB390 /* Project object */;
}
